// !$*UTF8*$!
{
	archiveVersion = 1;
	classes = {
	};
	objectVersion = 51;
	objects = {

/* Begin PBXBuildFile section */
		001C452D2E1A312729C1BEFA /* Pods_Example.framework in Frameworks */ = {isa = PBXBuildFile; fileRef = 7AE2C8F0EE3EDDAA7075B5DE /* Pods_Example.framework */; };
		99F43C15232101470052877C /* MBNetworkKit.framework in Frameworks */ = {isa = PBXBuildFile; fileRef = 99F43C14232101320052877C /* MBNetworkKit.framework */; };
		99F43C16232101470052877C /* MBNetworkKit.framework in Embed Frameworks */ = {isa = PBXBuildFile; fileRef = 99F43C14232101320052877C /* MBNetworkKit.framework */; settings = {ATTRIBUTES = (CodeSignOnCopy, RemoveHeadersOnCopy, ); }; };
		99FE2DDA2320FC3A001630C2 /* ExampleTests.swift in Sources */ = {isa = PBXBuildFile; fileRef = 99FE2DD92320FC3A001630C2 /* ExampleTests.swift */; };
		99FE2DE52320FC3A001630C2 /* ExampleUITests.swift in Sources */ = {isa = PBXBuildFile; fileRef = 99FE2DE42320FC3A001630C2 /* ExampleUITests.swift */; };
		99FE2E622320FD23001630C2 /* LaunchScreen.xib in Resources */ = {isa = PBXBuildFile; fileRef = 99FE2E5A2320FD23001630C2 /* LaunchScreen.xib */; };
		99FE2E632320FD23001630C2 /* Main.storyboard in Resources */ = {isa = PBXBuildFile; fileRef = 99FE2E5B2320FD23001630C2 /* Main.storyboard */; };
		99FE2E642320FD23001630C2 /* Images.xcassets in Resources */ = {isa = PBXBuildFile; fileRef = 99FE2E5C2320FD23001630C2 /* Images.xcassets */; };
		99FE2E652320FD23001630C2 /* ViewController.swift in Sources */ = {isa = PBXBuildFile; fileRef = 99FE2E5E2320FD23001630C2 /* ViewController.swift */; };
		99FE2E662320FD23001630C2 /* AppDelegate.swift in Sources */ = {isa = PBXBuildFile; fileRef = 99FE2E602320FD23001630C2 /* AppDelegate.swift */; };
/* End PBXBuildFile section */

/* Begin PBXContainerItemProxy section */
		99FE2DD62320FC3A001630C2 /* PBXContainerItemProxy */ = {
			isa = PBXContainerItemProxy;
			containerPortal = 99FE2DB92320FC38001630C2 /* Project object */;
			proxyType = 1;
			remoteGlobalIDString = 99FE2DC02320FC38001630C2;
			remoteInfo = Example;
		};
		99FE2DE12320FC3A001630C2 /* PBXContainerItemProxy */ = {
			isa = PBXContainerItemProxy;
			containerPortal = 99FE2DB92320FC38001630C2 /* Project object */;
			proxyType = 1;
			remoteGlobalIDString = 99FE2DC02320FC38001630C2;
			remoteInfo = Example;
		};
/* End PBXContainerItemProxy section */

/* Begin PBXCopyFilesBuildPhase section */
		99F43C132321012B0052877C /* Embed Frameworks */ = {
			isa = PBXCopyFilesBuildPhase;
			buildActionMask = 2147483647;
			dstPath = "";
			dstSubfolderSpec = 10;
			files = (
				99F43C16232101470052877C /* MBNetworkKit.framework in Embed Frameworks */,
			);
			name = "Embed Frameworks";
			runOnlyForDeploymentPostprocessing = 0;
		};
/* End PBXCopyFilesBuildPhase section */

/* Begin PBXFileReference section */
		7AE2C8F0EE3EDDAA7075B5DE /* Pods_Example.framework */ = {isa = PBXFileReference; explicitFileType = wrapper.framework; includeInIndex = 0; path = Pods_Example.framework; sourceTree = BUILT_PRODUCTS_DIR; };
		99B8A8BD2321028F008A49AB /* MBNetworkKitSocket.framework */ = {isa = PBXFileReference; lastKnownFileType = wrapper.framework; path = MBNetworkKitSocket.framework; sourceTree = BUILT_PRODUCTS_DIR; };
		99B8A8BE2321028F008A49AB /* MBNetworkKitImage.framework */ = {isa = PBXFileReference; lastKnownFileType = wrapper.framework; path = MBNetworkKitImage.framework; sourceTree = BUILT_PRODUCTS_DIR; };
		99F43C14232101320052877C /* MBNetworkKit.framework */ = {isa = PBXFileReference; lastKnownFileType = wrapper.framework; path = MBNetworkKit.framework; sourceTree = BUILT_PRODUCTS_DIR; };
		99FE2DC12320FC38001630C2 /* Example.app */ = {isa = PBXFileReference; explicitFileType = wrapper.application; includeInIndex = 0; path = Example.app; sourceTree = BUILT_PRODUCTS_DIR; };
		99FE2DD52320FC3A001630C2 /* ExampleTests.xctest */ = {isa = PBXFileReference; explicitFileType = wrapper.cfbundle; includeInIndex = 0; path = ExampleTests.xctest; sourceTree = BUILT_PRODUCTS_DIR; };
		99FE2DD92320FC3A001630C2 /* ExampleTests.swift */ = {isa = PBXFileReference; lastKnownFileType = sourcecode.swift; path = ExampleTests.swift; sourceTree = "<group>"; };
		99FE2DDB2320FC3A001630C2 /* Info.plist */ = {isa = PBXFileReference; lastKnownFileType = text.plist.xml; path = Info.plist; sourceTree = "<group>"; };
		99FE2DE02320FC3A001630C2 /* ExampleUITests.xctest */ = {isa = PBXFileReference; explicitFileType = wrapper.cfbundle; includeInIndex = 0; path = ExampleUITests.xctest; sourceTree = BUILT_PRODUCTS_DIR; };
		99FE2DE42320FC3A001630C2 /* ExampleUITests.swift */ = {isa = PBXFileReference; lastKnownFileType = sourcecode.swift; path = ExampleUITests.swift; sourceTree = "<group>"; };
		99FE2DE62320FC3A001630C2 /* Info.plist */ = {isa = PBXFileReference; lastKnownFileType = text.plist.xml; path = Info.plist; sourceTree = "<group>"; };
		99FE2E5A2320FD23001630C2 /* LaunchScreen.xib */ = {isa = PBXFileReference; fileEncoding = 4; lastKnownFileType = file.xib; path = LaunchScreen.xib; sourceTree = "<group>"; };
		99FE2E5B2320FD23001630C2 /* Main.storyboard */ = {isa = PBXFileReference; fileEncoding = 4; lastKnownFileType = file.storyboard; path = Main.storyboard; sourceTree = "<group>"; };
		99FE2E5C2320FD23001630C2 /* Images.xcassets */ = {isa = PBXFileReference; lastKnownFileType = folder.assetcatalog; path = Images.xcassets; sourceTree = "<group>"; };
		99FE2E5E2320FD23001630C2 /* ViewController.swift */ = {isa = PBXFileReference; fileEncoding = 4; lastKnownFileType = sourcecode.swift; path = ViewController.swift; sourceTree = "<group>"; };
		99FE2E602320FD23001630C2 /* AppDelegate.swift */ = {isa = PBXFileReference; fileEncoding = 4; lastKnownFileType = sourcecode.swift; path = AppDelegate.swift; sourceTree = "<group>"; };
		99FE2E612320FD23001630C2 /* Info.plist */ = {isa = PBXFileReference; fileEncoding = 4; lastKnownFileType = text.plist.xml; path = Info.plist; sourceTree = "<group>"; };
		B5ED85DD5B5EF0FF4C666DA2 /* Pods-Example.debug.xcconfig */ = {isa = PBXFileReference; includeInIndex = 1; lastKnownFileType = text.xcconfig; name = "Pods-Example.debug.xcconfig"; path = "Target Support Files/Pods-Example/Pods-Example.debug.xcconfig"; sourceTree = "<group>"; };
		E52DA1808226418E062B1791 /* Pods-Example.release.xcconfig */ = {isa = PBXFileReference; includeInIndex = 1; lastKnownFileType = text.xcconfig; name = "Pods-Example.release.xcconfig"; path = "Target Support Files/Pods-Example/Pods-Example.release.xcconfig"; sourceTree = "<group>"; };
/* End PBXFileReference section */

/* Begin PBXFrameworksBuildPhase section */
		99FE2DBE2320FC38001630C2 /* Frameworks */ = {
			isa = PBXFrameworksBuildPhase;
			buildActionMask = 2147483647;
			files = (
				001C452D2E1A312729C1BEFA /* Pods_Example.framework in Frameworks */,
				99F43C15232101470052877C /* MBNetworkKit.framework in Frameworks */,
			);
			runOnlyForDeploymentPostprocessing = 0;
		};
		99FE2DD22320FC3A001630C2 /* Frameworks */ = {
			isa = PBXFrameworksBuildPhase;
			buildActionMask = 2147483647;
			files = (
			);
			runOnlyForDeploymentPostprocessing = 0;
		};
		99FE2DDD2320FC3A001630C2 /* Frameworks */ = {
			isa = PBXFrameworksBuildPhase;
			buildActionMask = 2147483647;
			files = (
			);
			runOnlyForDeploymentPostprocessing = 0;
		};
/* End PBXFrameworksBuildPhase section */

/* Begin PBXGroup section */
		16B3BD345E5DAB96C078129E /* Frameworks */ = {
			isa = PBXGroup;
			children = (
				99B8A8BD2321028F008A49AB /* MBNetworkKitSocket.framework */,
				99B8A8BE2321028F008A49AB /* MBNetworkKitImage.framework */,
				99F43C14232101320052877C /* MBNetworkKit.framework */,
				7AE2C8F0EE3EDDAA7075B5DE /* Pods_Example.framework */,
			);
			name = Frameworks;
			sourceTree = "<group>";
		};
		99FE2DB82320FC38001630C2 = {
			isa = PBXGroup;
			children = (
				99FE2DC32320FC38001630C2 /* Example */,
				99FE2DD82320FC3A001630C2 /* ExampleTests */,
				99FE2DE32320FC3A001630C2 /* ExampleUITests */,
				99FE2DC22320FC38001630C2 /* Products */,
				DC100EE1A326B52BC5D9090F /* Pods */,
				16B3BD345E5DAB96C078129E /* Frameworks */,
			);
			sourceTree = "<group>";
		};
		99FE2DC22320FC38001630C2 /* Products */ = {
			isa = PBXGroup;
			children = (
				99FE2DC12320FC38001630C2 /* Example.app */,
				99FE2DD52320FC3A001630C2 /* ExampleTests.xctest */,
				99FE2DE02320FC3A001630C2 /* ExampleUITests.xctest */,
			);
			name = Products;
			sourceTree = "<group>";
		};
		99FE2DC32320FC38001630C2 /* Example */ = {
			isa = PBXGroup;
			children = (
				99FE2E5F2320FD23001630C2 /* App */,
				99FE2E592320FD23001630C2 /* Resources */,
				99FE2E5D2320FD23001630C2 /* ViewController */,
			);
			path = Example;
			sourceTree = "<group>";
		};
		99FE2DD82320FC3A001630C2 /* ExampleTests */ = {
			isa = PBXGroup;
			children = (
				99FE2DD92320FC3A001630C2 /* ExampleTests.swift */,
				99FE2DDB2320FC3A001630C2 /* Info.plist */,
			);
			path = ExampleTests;
			sourceTree = "<group>";
		};
		99FE2DE32320FC3A001630C2 /* ExampleUITests */ = {
			isa = PBXGroup;
			children = (
				99FE2DE42320FC3A001630C2 /* ExampleUITests.swift */,
				99FE2DE62320FC3A001630C2 /* Info.plist */,
			);
			path = ExampleUITests;
			sourceTree = "<group>";
		};
		99FE2E592320FD23001630C2 /* Resources */ = {
			isa = PBXGroup;
			children = (
				99FE2E5A2320FD23001630C2 /* LaunchScreen.xib */,
				99FE2E5B2320FD23001630C2 /* Main.storyboard */,
				99FE2E5C2320FD23001630C2 /* Images.xcassets */,
			);
			path = Resources;
			sourceTree = "<group>";
		};
		99FE2E5D2320FD23001630C2 /* ViewController */ = {
			isa = PBXGroup;
			children = (
				99FE2E5E2320FD23001630C2 /* ViewController.swift */,
			);
			path = ViewController;
			sourceTree = "<group>";
		};
		99FE2E5F2320FD23001630C2 /* App */ = {
			isa = PBXGroup;
			children = (
				99FE2E602320FD23001630C2 /* AppDelegate.swift */,
				99FE2E612320FD23001630C2 /* Info.plist */,
			);
			path = App;
			sourceTree = "<group>";
		};
		DC100EE1A326B52BC5D9090F /* Pods */ = {
			isa = PBXGroup;
			children = (
				B5ED85DD5B5EF0FF4C666DA2 /* Pods-Example.debug.xcconfig */,
				E52DA1808226418E062B1791 /* Pods-Example.release.xcconfig */,
			);
			name = Pods;
			path = ../Pods;
			sourceTree = "<group>";
		};
/* End PBXGroup section */

/* Begin PBXNativeTarget section */
		99FE2DC02320FC38001630C2 /* Example */ = {
			isa = PBXNativeTarget;
			buildConfigurationList = 99FE2DE92320FC3A001630C2 /* Build configuration list for PBXNativeTarget "Example" */;
			buildPhases = (
				19DBCBF926B52A582976231D /* [CP] Check Pods Manifest.lock */,
				99FE2DBD2320FC38001630C2 /* Sources */,
				99FE2DBE2320FC38001630C2 /* Frameworks */,
				99FE2DBF2320FC38001630C2 /* Resources */,
				694EF0F1C96B16EED3E8B33C /* [CP] Embed Pods Frameworks */,
				99F43C132321012B0052877C /* Embed Frameworks */,
			);
			buildRules = (
			);
			dependencies = (
			);
			name = Example;
			productName = Example;
			productReference = 99FE2DC12320FC38001630C2 /* Example.app */;
			productType = "com.apple.product-type.application";
		};
		99FE2DD42320FC3A001630C2 /* ExampleTests */ = {
			isa = PBXNativeTarget;
			buildConfigurationList = 99FE2DEC2320FC3A001630C2 /* Build configuration list for PBXNativeTarget "ExampleTests" */;
			buildPhases = (
				99FE2DD12320FC3A001630C2 /* Sources */,
				99FE2DD22320FC3A001630C2 /* Frameworks */,
				99FE2DD32320FC3A001630C2 /* Resources */,
			);
			buildRules = (
			);
			dependencies = (
				99FE2DD72320FC3A001630C2 /* PBXTargetDependency */,
			);
			name = ExampleTests;
			productName = ExampleTests;
			productReference = 99FE2DD52320FC3A001630C2 /* ExampleTests.xctest */;
			productType = "com.apple.product-type.bundle.unit-test";
		};
		99FE2DDF2320FC3A001630C2 /* ExampleUITests */ = {
			isa = PBXNativeTarget;
			buildConfigurationList = 99FE2DEF2320FC3A001630C2 /* Build configuration list for PBXNativeTarget "ExampleUITests" */;
			buildPhases = (
				99FE2DDC2320FC3A001630C2 /* Sources */,
				99FE2DDD2320FC3A001630C2 /* Frameworks */,
				99FE2DDE2320FC3A001630C2 /* Resources */,
			);
			buildRules = (
			);
			dependencies = (
				99FE2DE22320FC3A001630C2 /* PBXTargetDependency */,
			);
			name = ExampleUITests;
			productName = ExampleUITests;
			productReference = 99FE2DE02320FC3A001630C2 /* ExampleUITests.xctest */;
			productType = "com.apple.product-type.bundle.ui-testing";
		};
/* End PBXNativeTarget section */

/* Begin PBXProject section */
		99FE2DB92320FC38001630C2 /* Project object */ = {
			isa = PBXProject;
			attributes = {
				LastSwiftUpdateCheck = 1030;
				LastUpgradeCheck = 1030;
				ORGANIZATIONNAME = "Daimler AG";
				TargetAttributes = {
					99FE2DC02320FC38001630C2 = {
						CreatedOnToolsVersion = 10.3;
					};
					99FE2DD42320FC3A001630C2 = {
						CreatedOnToolsVersion = 10.3;
						TestTargetID = 99FE2DC02320FC38001630C2;
					};
					99FE2DDF2320FC3A001630C2 = {
						CreatedOnToolsVersion = 10.3;
						TestTargetID = 99FE2DC02320FC38001630C2;
					};
				};
			};
			buildConfigurationList = 99FE2DBC2320FC38001630C2 /* Build configuration list for PBXProject "Example" */;
			compatibilityVersion = "Xcode 9.3";
			developmentRegion = en;
			hasScannedForEncodings = 0;
			knownRegions = (
				en,
			);
			mainGroup = 99FE2DB82320FC38001630C2;
			productRefGroup = 99FE2DC22320FC38001630C2 /* Products */;
			projectDirPath = "";
			projectRoot = "";
			targets = (
				99FE2DC02320FC38001630C2 /* Example */,
				99FE2DD42320FC3A001630C2 /* ExampleTests */,
				99FE2DDF2320FC3A001630C2 /* ExampleUITests */,
			);
		};
/* End PBXProject section */

/* Begin PBXResourcesBuildPhase section */
		99FE2DBF2320FC38001630C2 /* Resources */ = {
			isa = PBXResourcesBuildPhase;
			buildActionMask = 2147483647;
			files = (
				99FE2E642320FD23001630C2 /* Images.xcassets in Resources */,
				99FE2E622320FD23001630C2 /* LaunchScreen.xib in Resources */,
				99FE2E632320FD23001630C2 /* Main.storyboard in Resources */,
			);
			runOnlyForDeploymentPostprocessing = 0;
		};
		99FE2DD32320FC3A001630C2 /* Resources */ = {
			isa = PBXResourcesBuildPhase;
			buildActionMask = 2147483647;
			files = (
			);
			runOnlyForDeploymentPostprocessing = 0;
		};
		99FE2DDE2320FC3A001630C2 /* Resources */ = {
			isa = PBXResourcesBuildPhase;
			buildActionMask = 2147483647;
			files = (
			);
			runOnlyForDeploymentPostprocessing = 0;
		};
/* End PBXResourcesBuildPhase section */

/* Begin PBXShellScriptBuildPhase section */
		19DBCBF926B52A582976231D /* [CP] Check Pods Manifest.lock */ = {
			isa = PBXShellScriptBuildPhase;
			buildActionMask = 2147483647;
			files = (
			);
			inputFileListPaths = (
			);
			inputPaths = (
				"${PODS_PODFILE_DIR_PATH}/Podfile.lock",
				"${PODS_ROOT}/Manifest.lock",
			);
			name = "[CP] Check Pods Manifest.lock";
			outputFileListPaths = (
			);
			outputPaths = (
				"$(DERIVED_FILE_DIR)/Pods-Example-checkManifestLockResult.txt",
			);
			runOnlyForDeploymentPostprocessing = 0;
			shellPath = /bin/sh;
			shellScript = "diff \"${PODS_PODFILE_DIR_PATH}/Podfile.lock\" \"${PODS_ROOT}/Manifest.lock\" > /dev/null\nif [ $? != 0 ] ; then\n    # print error to STDERR\n    echo \"error: The sandbox is not in sync with the Podfile.lock. Run 'pod install' or update your CocoaPods installation.\" >&2\n    exit 1\nfi\n# This output is used by Xcode 'outputs' to avoid re-running this script phase.\necho \"SUCCESS\" > \"${SCRIPT_OUTPUT_FILE_0}\"\n";
			showEnvVarsInLog = 0;
		};
		694EF0F1C96B16EED3E8B33C /* [CP] Embed Pods Frameworks */ = {
			isa = PBXShellScriptBuildPhase;
			buildActionMask = 2147483647;
			files = (
			);
			inputFileListPaths = (
				"${PODS_ROOT}/Target Support Files/Pods-Example/Pods-Example-frameworks-${CONFIGURATION}-input-files.xcfilelist",
			);
			name = "[CP] Embed Pods Frameworks";
			outputFileListPaths = (
				"${PODS_ROOT}/Target Support Files/Pods-Example/Pods-Example-frameworks-${CONFIGURATION}-output-files.xcfilelist",
			);
			runOnlyForDeploymentPostprocessing = 0;
			shellPath = /bin/sh;
			shellScript = "\"${PODS_ROOT}/Target Support Files/Pods-Example/Pods-Example-frameworks.sh\"\n";
			showEnvVarsInLog = 0;
		};
/* End PBXShellScriptBuildPhase section */

/* Begin PBXSourcesBuildPhase section */
		99FE2DBD2320FC38001630C2 /* Sources */ = {
			isa = PBXSourcesBuildPhase;
			buildActionMask = 2147483647;
			files = (
				99FE2E662320FD23001630C2 /* AppDelegate.swift in Sources */,
				99FE2E652320FD23001630C2 /* ViewController.swift in Sources */,
			);
			runOnlyForDeploymentPostprocessing = 0;
		};
		99FE2DD12320FC3A001630C2 /* Sources */ = {
			isa = PBXSourcesBuildPhase;
			buildActionMask = 2147483647;
			files = (
				99FE2DDA2320FC3A001630C2 /* ExampleTests.swift in Sources */,
			);
			runOnlyForDeploymentPostprocessing = 0;
		};
		99FE2DDC2320FC3A001630C2 /* Sources */ = {
			isa = PBXSourcesBuildPhase;
			buildActionMask = 2147483647;
			files = (
				99FE2DE52320FC3A001630C2 /* ExampleUITests.swift in Sources */,
			);
			runOnlyForDeploymentPostprocessing = 0;
		};
/* End PBXSourcesBuildPhase section */

/* Begin PBXTargetDependency section */
		99FE2DD72320FC3A001630C2 /* PBXTargetDependency */ = {
			isa = PBXTargetDependency;
			target = 99FE2DC02320FC38001630C2 /* Example */;
			targetProxy = 99FE2DD62320FC3A001630C2 /* PBXContainerItemProxy */;
		};
		99FE2DE22320FC3A001630C2 /* PBXTargetDependency */ = {
			isa = PBXTargetDependency;
			target = 99FE2DC02320FC38001630C2 /* Example */;
			targetProxy = 99FE2DE12320FC3A001630C2 /* PBXContainerItemProxy */;
		};
/* End PBXTargetDependency section */

/* Begin XCBuildConfiguration section */
		99FE2DE72320FC3A001630C2 /* Debug */ = {
			isa = XCBuildConfiguration;
			buildSettings = {
				ALWAYS_SEARCH_USER_PATHS = NO;
				CLANG_ANALYZER_NONNULL = YES;
				CLANG_ANALYZER_NUMBER_OBJECT_CONVERSION = YES_AGGRESSIVE;
				CLANG_CXX_LANGUAGE_STANDARD = "gnu++14";
				CLANG_CXX_LIBRARY = "libc++";
				CLANG_ENABLE_MODULES = YES;
				CLANG_ENABLE_OBJC_ARC = YES;
				CLANG_ENABLE_OBJC_WEAK = YES;
				CLANG_WARN_BLOCK_CAPTURE_AUTORELEASING = YES;
				CLANG_WARN_BOOL_CONVERSION = YES;
				CLANG_WARN_COMMA = YES;
				CLANG_WARN_CONSTANT_CONVERSION = YES;
				CLANG_WARN_DEPRECATED_OBJC_IMPLEMENTATIONS = YES;
				CLANG_WARN_DIRECT_OBJC_ISA_USAGE = YES_ERROR;
				CLANG_WARN_DOCUMENTATION_COMMENTS = YES;
				CLANG_WARN_EMPTY_BODY = YES;
				CLANG_WARN_ENUM_CONVERSION = YES;
				CLANG_WARN_INFINITE_RECURSION = YES;
				CLANG_WARN_INT_CONVERSION = YES;
				CLANG_WARN_NON_LITERAL_NULL_CONVERSION = YES;
				CLANG_WARN_OBJC_IMPLICIT_RETAIN_SELF = YES;
				CLANG_WARN_OBJC_LITERAL_CONVERSION = YES;
				CLANG_WARN_OBJC_ROOT_CLASS = YES_ERROR;
				CLANG_WARN_RANGE_LOOP_ANALYSIS = YES;
				CLANG_WARN_STRICT_PROTOTYPES = YES;
				CLANG_WARN_SUSPICIOUS_MOVE = YES;
				CLANG_WARN_UNGUARDED_AVAILABILITY = YES_AGGRESSIVE;
				CLANG_WARN_UNREACHABLE_CODE = YES;
				CLANG_WARN__DUPLICATE_METHOD_MATCH = YES;
				CODE_SIGN_IDENTITY = "iPhone Developer";
				COPY_PHASE_STRIP = NO;
				DEBUG_INFORMATION_FORMAT = dwarf;
				ENABLE_STRICT_OBJC_MSGSEND = YES;
				ENABLE_TESTABILITY = YES;
				GCC_C_LANGUAGE_STANDARD = gnu11;
				GCC_DYNAMIC_NO_PIC = NO;
				GCC_NO_COMMON_BLOCKS = YES;
				GCC_OPTIMIZATION_LEVEL = 0;
				GCC_PREPROCESSOR_DEFINITIONS = (
					"DEBUG=1",
					"$(inherited)",
				);
				GCC_WARN_64_TO_32_BIT_CONVERSION = YES;
				GCC_WARN_ABOUT_RETURN_TYPE = YES_ERROR;
				GCC_WARN_UNDECLARED_SELECTOR = YES;
				GCC_WARN_UNINITIALIZED_AUTOS = YES_AGGRESSIVE;
				GCC_WARN_UNUSED_FUNCTION = YES;
				GCC_WARN_UNUSED_VARIABLE = YES;
				IPHONEOS_DEPLOYMENT_TARGET = 12.0;
				MTL_ENABLE_DEBUG_INFO = INCLUDE_SOURCE;
				MTL_FAST_MATH = YES;
				ONLY_ACTIVE_ARCH = YES;
				SDKROOT = iphoneos;
				SWIFT_ACTIVE_COMPILATION_CONDITIONS = DEBUG;
				SWIFT_OPTIMIZATION_LEVEL = "-Onone";
				SWIFT_VERSION = 5.0;
			};
			name = Debug;
		};
		99FE2DE82320FC3A001630C2 /* Release */ = {
			isa = XCBuildConfiguration;
			buildSettings = {
				ALWAYS_SEARCH_USER_PATHS = NO;
				CLANG_ANALYZER_NONNULL = YES;
				CLANG_ANALYZER_NUMBER_OBJECT_CONVERSION = YES_AGGRESSIVE;
				CLANG_CXX_LANGUAGE_STANDARD = "gnu++14";
				CLANG_CXX_LIBRARY = "libc++";
				CLANG_ENABLE_MODULES = YES;
				CLANG_ENABLE_OBJC_ARC = YES;
				CLANG_ENABLE_OBJC_WEAK = YES;
				CLANG_WARN_BLOCK_CAPTURE_AUTORELEASING = YES;
				CLANG_WARN_BOOL_CONVERSION = YES;
				CLANG_WARN_COMMA = YES;
				CLANG_WARN_CONSTANT_CONVERSION = YES;
				CLANG_WARN_DEPRECATED_OBJC_IMPLEMENTATIONS = YES;
				CLANG_WARN_DIRECT_OBJC_ISA_USAGE = YES_ERROR;
				CLANG_WARN_DOCUMENTATION_COMMENTS = YES;
				CLANG_WARN_EMPTY_BODY = YES;
				CLANG_WARN_ENUM_CONVERSION = YES;
				CLANG_WARN_INFINITE_RECURSION = YES;
				CLANG_WARN_INT_CONVERSION = YES;
				CLANG_WARN_NON_LITERAL_NULL_CONVERSION = YES;
				CLANG_WARN_OBJC_IMPLICIT_RETAIN_SELF = YES;
				CLANG_WARN_OBJC_LITERAL_CONVERSION = YES;
				CLANG_WARN_OBJC_ROOT_CLASS = YES_ERROR;
				CLANG_WARN_RANGE_LOOP_ANALYSIS = YES;
				CLANG_WARN_STRICT_PROTOTYPES = YES;
				CLANG_WARN_SUSPICIOUS_MOVE = YES;
				CLANG_WARN_UNGUARDED_AVAILABILITY = YES_AGGRESSIVE;
				CLANG_WARN_UNREACHABLE_CODE = YES;
				CLANG_WARN__DUPLICATE_METHOD_MATCH = YES;
				CODE_SIGN_IDENTITY = "iPhone Developer";
				COPY_PHASE_STRIP = NO;
				DEBUG_INFORMATION_FORMAT = "dwarf-with-dsym";
				ENABLE_NS_ASSERTIONS = NO;
				ENABLE_STRICT_OBJC_MSGSEND = YES;
				GCC_C_LANGUAGE_STANDARD = gnu11;
				GCC_NO_COMMON_BLOCKS = YES;
				GCC_WARN_64_TO_32_BIT_CONVERSION = YES;
				GCC_WARN_ABOUT_RETURN_TYPE = YES_ERROR;
				GCC_WARN_UNDECLARED_SELECTOR = YES;
				GCC_WARN_UNINITIALIZED_AUTOS = YES_AGGRESSIVE;
				GCC_WARN_UNUSED_FUNCTION = YES;
				GCC_WARN_UNUSED_VARIABLE = YES;
				IPHONEOS_DEPLOYMENT_TARGET = 12.0;
				MTL_ENABLE_DEBUG_INFO = NO;
				MTL_FAST_MATH = YES;
				SDKROOT = iphoneos;
				SWIFT_COMPILATION_MODE = wholemodule;
				SWIFT_OPTIMIZATION_LEVEL = "-O";
				SWIFT_VERSION = 5.0;
				VALIDATE_PRODUCT = YES;
			};
			name = Release;
		};
		99FE2DEA2320FC3A001630C2 /* Debug */ = {
			isa = XCBuildConfiguration;
			baseConfigurationReference = B5ED85DD5B5EF0FF4C666DA2 /* Pods-Example.debug.xcconfig */;
			buildSettings = {
				ASSETCATALOG_COMPILER_APPICON_NAME = AppIcon;
				CODE_SIGN_STYLE = Manual;
				DEVELOPMENT_TEAM = "";
				INFOPLIST_FILE = Example/App/Info.plist;
				LD_RUNPATH_SEARCH_PATHS = (
					"$(inherited)",
					"@executable_path/Frameworks",
				);
				PRODUCT_BUNDLE_IDENTIFIER = com.daimler.Example;
				PRODUCT_NAME = "$(TARGET_NAME)";
				PROVISIONING_PROFILE_SPECIFIER = "";
				TARGETED_DEVICE_FAMILY = 1;
			};
			name = Debug;
		};
		99FE2DEB2320FC3A001630C2 /* Release */ = {
			isa = XCBuildConfiguration;
			baseConfigurationReference = E52DA1808226418E062B1791 /* Pods-Example.release.xcconfig */;
			buildSettings = {
				ASSETCATALOG_COMPILER_APPICON_NAME = AppIcon;
				CODE_SIGN_STYLE = Manual;
				DEVELOPMENT_TEAM = "";
				INFOPLIST_FILE = Example/App/Info.plist;
				LD_RUNPATH_SEARCH_PATHS = (
					"$(inherited)",
					"@executable_path/Frameworks",
				);
				PRODUCT_BUNDLE_IDENTIFIER = com.daimler.Example;
				PRODUCT_NAME = "$(TARGET_NAME)";
				PROVISIONING_PROFILE_SPECIFIER = "";
				TARGETED_DEVICE_FAMILY = 1;
			};
			name = Release;
		};
		99FE2DED2320FC3A001630C2 /* Debug */ = {
			isa = XCBuildConfiguration;
			buildSettings = {
				ALWAYS_EMBED_SWIFT_STANDARD_LIBRARIES = YES;
				BUNDLE_LOADER = "$(TEST_HOST)";
				CODE_SIGN_STYLE = Manual;
				DEVELOPMENT_TEAM = "";
				INFOPLIST_FILE = ExampleTests/Info.plist;
				LD_RUNPATH_SEARCH_PATHS = (
					"$(inherited)",
					"@executable_path/Frameworks",
					"@loader_path/Frameworks",
				);
				PRODUCT_BUNDLE_IDENTIFIER = com.daimler.ExampleTests;
				PRODUCT_NAME = "$(TARGET_NAME)";
				PROVISIONING_PROFILE_SPECIFIER = "";
				TARGETED_DEVICE_FAMILY = "1,2";
				TEST_HOST = "$(BUILT_PRODUCTS_DIR)/Example.app/Example";
			};
			name = Debug;
		};
		99FE2DEE2320FC3A001630C2 /* Release */ = {
			isa = XCBuildConfiguration;
			buildSettings = {
				ALWAYS_EMBED_SWIFT_STANDARD_LIBRARIES = YES;
				BUNDLE_LOADER = "$(TEST_HOST)";
				CODE_SIGN_STYLE = Manual;
				DEVELOPMENT_TEAM = "";
				INFOPLIST_FILE = ExampleTests/Info.plist;
				LD_RUNPATH_SEARCH_PATHS = (
					"$(inherited)",
					"@executable_path/Frameworks",
					"@loader_path/Frameworks",
				);
				PRODUCT_BUNDLE_IDENTIFIER = com.daimler.ExampleTests;
				PRODUCT_NAME = "$(TARGET_NAME)";
				PROVISIONING_PROFILE_SPECIFIER = "";
				TARGETED_DEVICE_FAMILY = "1,2";
				TEST_HOST = "$(BUILT_PRODUCTS_DIR)/Example.app/Example";
			};
			name = Release;
		};
		99FE2DF02320FC3A001630C2 /* Debug */ = {
			isa = XCBuildConfiguration;
			buildSettings = {
				ALWAYS_EMBED_SWIFT_STANDARD_LIBRARIES = YES;
				CODE_SIGN_STYLE = Manual;
				DEVELOPMENT_TEAM = "";
				INFOPLIST_FILE = ExampleUITests/Info.plist;
				LD_RUNPATH_SEARCH_PATHS = (
					"$(inherited)",
					"@executable_path/Frameworks",
					"@loader_path/Frameworks",
				);
				PRODUCT_BUNDLE_IDENTIFIER = com.daimler.ExampleUITests;
				PRODUCT_NAME = "$(TARGET_NAME)";
				PROVISIONING_PROFILE_SPECIFIER = "";
				TARGETED_DEVICE_FAMILY = "1,2";
				TEST_TARGET_NAME = Example;
			};
			name = Debug;
		};
		99FE2DF12320FC3A001630C2 /* Release */ = {
			isa = XCBuildConfiguration;
			buildSettings = {
				ALWAYS_EMBED_SWIFT_STANDARD_LIBRARIES = YES;
				CODE_SIGN_STYLE = Manual;
				DEVELOPMENT_TEAM = "";
				INFOPLIST_FILE = ExampleUITests/Info.plist;
				LD_RUNPATH_SEARCH_PATHS = (
					"$(inherited)",
					"@executable_path/Frameworks",
					"@loader_path/Frameworks",
				);
				PRODUCT_BUNDLE_IDENTIFIER = com.daimler.ExampleUITests;
				PRODUCT_NAME = "$(TARGET_NAME)";
				PROVISIONING_PROFILE_SPECIFIER = "";
				TARGETED_DEVICE_FAMILY = "1,2";
				TEST_TARGET_NAME = Example;
			};
			name = Release;
		};
/* End XCBuildConfiguration section */

/* Begin XCConfigurationList section */
		99FE2DBC2320FC38001630C2 /* Build configuration list for PBXProject "Example" */ = {
			isa = XCConfigurationList;
			buildConfigurations = (
				99FE2DE72320FC3A001630C2 /* Debug */,
				99FE2DE82320FC3A001630C2 /* Release */,
			);
			defaultConfigurationIsVisible = 0;
			defaultConfigurationName = Release;
		};
		99FE2DE92320FC3A001630C2 /* Build configuration list for PBXNativeTarget "Example" */ = {
			isa = XCConfigurationList;
			buildConfigurations = (
				99FE2DEA2320FC3A001630C2 /* Debug */,
				99FE2DEB2320FC3A001630C2 /* Release */,
			);
			defaultConfigurationIsVisible = 0;
			defaultConfigurationName = Release;
		};
		99FE2DEC2320FC3A001630C2 /* Build configuration list for PBXNativeTarget "ExampleTests" */ = {
			isa = XCConfigurationList;
			buildConfigurations = (
				99FE2DED2320FC3A001630C2 /* Debug */,
				99FE2DEE2320FC3A001630C2 /* Release */,
			);
			defaultConfigurationIsVisible = 0;
			defaultConfigurationName = Release;
		};
		99FE2DEF2320FC3A001630C2 /* Build configuration list for PBXNativeTarget "ExampleUITests" */ = {
			isa = XCConfigurationList;
			buildConfigurations = (
				99FE2DF02320FC3A001630C2 /* Debug */,
				99FE2DF12320FC3A001630C2 /* Release */,
			);
			defaultConfigurationIsVisible = 0;
			defaultConfigurationName = Release;
		};
/* End XCConfigurationList section */
	};
	rootObject = 99FE2DB92320FC38001630C2 /* Project object */;
}
